
Microsoft Visual Studio Solution File, Format Version 12.00
# Visual Studio Version 16
VisualStudioVersion = 16.0.30907.101
MinimumVisualStudioVersion = 10.0.40219.1
Project("{9A19103F-16F7-4668-BE54-9A1E7A4F7556}") = "CryptoBase", "CryptoBase\CryptoBase.csproj", "{936F3C37-FC64-4255-BBF1-F84DA791D406}"
EndProject
Project("{FAE04EC0-301F-11D3-BF4B-00C04F79EFBC}") = "UnitTest", "UnitTest\UnitTest.csproj", "{2B136E57-EDC6-40D5-A3AB-E5D4A67BA2B4}"
EndProject
Global
	GlobalSection(SolutionConfigurationPlatforms) = preSolution
		Debug|Any CPU = Debug|Any CPU
		Release|Any CPU = Release|Any CPU
	EndGlobalSection
	GlobalSection(ProjectConfigurationPlatforms) = postSolution
		{936F3C37-FC64-4255-BBF1-F84DA791D406}.Debug|Any CPU.ActiveCfg = Debug|Any CPU
		{936F3C37-FC64-4255-BBF1-F84DA791D406}.Debug|Any CPU.Build.0 = Debug|Any CPU
		{936F3C37-FC64-4255-BBF1-F84DA791D406}.Release|Any CPU.ActiveCfg = Release|Any CPU
		{936F3C37-FC64-4255-BBF1-F84DA791D406}.Release|Any CPU.Build.0 = Release|Any CPU
		{2B136E57-EDC6-40D5-A3AB-E5D4A67BA2B4}.Debug|Any CPU.ActiveCfg = Debug|Any CPU
		{2B136E57-EDC6-40D5-A3AB-E5D4A67BA2B4}.Debug|Any CPU.Build.0 = Debug|Any CPU
		{2B136E57-EDC6-40D5-A3AB-E5D4A67BA2B4}.Release|Any CPU.ActiveCfg = Release|Any CPU
		{2B136E57-EDC6-40D5-A3AB-E5D4A67BA2B4}.Release|Any CPU.Build.0 = Release|Any CPU
	EndGlobalSection
	GlobalSection(SolutionProperties) = preSolution
		HideSolutionNode = FALSE
	EndGlobalSection
	GlobalSection(ExtensibilityGlobals) = postSolution
		SolutionGuid = {573DBCE7-BD84-4470-9AA2-8C705DF5579D}
	EndGlobalSection
EndGlobal
