
Microsoft Visual Studio Solution File, Format Version 12.00
# Visual Studio Version 17
VisualStudioVersion = 17.2.32519.379
MinimumVisualStudioVersion = 10.0.40219.1
Project("{9A19103F-16F7-4668-BE54-9A1E7A4F7556}") = "CryptoBase", "CryptoBase\CryptoBase.csproj", "{936F3C37-FC64-4255-BBF1-F84DA791D406}"
EndProject
Project("{9A19103F-16F7-4668-BE54-9A1E7A4F7556}") = "CryptoBase.Benchmark", "CryptoBase.Benchmark\CryptoBase.Benchmark.csproj", "{431E25D2-1A9A-400E-8B22-25CA24A7AC04}"
EndProject
Project("{9A19103F-16F7-4668-BE54-9A1E7A4F7556}") = "CryptoBase.Abstractions", "CryptoBase.Abstractions\CryptoBase.Abstractions.csproj", "{E3AA00BF-629E-4274-A7B5-002EC7348B98}"
EndProject
Project("{9A19103F-16F7-4668-BE54-9A1E7A4F7556}") = "CryptoBase.BouncyCastle", "CryptoBase.BouncyCastle\CryptoBase.BouncyCastle.csproj", "{89A56980-AA48-4C06-A188-7425488B0A3F}"
EndProject
Project("{9A19103F-16F7-4668-BE54-9A1E7A4F7556}") = "CryptoBase.SpeedTest", "CryptoBase.SpeedTest\CryptoBase.SpeedTest.csproj", "{9E8B4E3F-F8DC-458F-9642-C03B18996DE1}"
EndProject
Project("{9A19103F-16F7-4668-BE54-9A1E7A4F7556}") = "CryptoBase.Tests", "CryptoBase.Tests\CryptoBase.Tests.csproj", "{B9C584BE-C91E-4FF9-A76E-0E1606A30562}"
EndProject
Project("{9A19103F-16F7-4668-BE54-9A1E7A4F7556}") = "CryptoBase.Benchmark.Tests", "CryptoBase.Benchmark.Tests\CryptoBase.Benchmark.Tests.csproj", "{DD365A88-9CFB-4574-8306-D5C2945C0800}"
EndProject
Project("{2150E333-8FDC-42A3-9474-1A3956D46DE8}") = "Solution Items", "Solution Items", "{EE6B30C6-5E91-4492-85FC-AE5449FD5C07}"
	ProjectSection(SolutionItems) = preProject
		.editorconfig = .editorconfig
		.runsettings = .runsettings
		common.props = common.props
		NuGet.Config = NuGet.Config
	EndProjectSection
EndProject
Global
	GlobalSection(SolutionConfigurationPlatforms) = preSolution
		Debug|Any CPU = Debug|Any CPU
		Release|Any CPU = Release|Any CPU
	EndGlobalSection
	GlobalSection(ProjectConfigurationPlatforms) = postSolution
		{936F3C37-FC64-4255-BBF1-F84DA791D406}.Debug|Any CPU.ActiveCfg = Debug|Any CPU
		{936F3C37-FC64-4255-BBF1-F84DA791D406}.Debug|Any CPU.Build.0 = Debug|Any CPU
		{936F3C37-FC64-4255-BBF1-F84DA791D406}.Release|Any CPU.ActiveCfg = Release|Any CPU
		{936F3C37-FC64-4255-BBF1-F84DA791D406}.Release|Any CPU.Build.0 = Release|Any CPU
		{431E25D2-1A9A-400E-8B22-25CA24A7AC04}.Debug|Any CPU.ActiveCfg = Debug|Any CPU
		{431E25D2-1A9A-400E-8B22-25CA24A7AC04}.Debug|Any CPU.Build.0 = Debug|Any CPU
		{431E25D2-1A9A-400E-8B22-25CA24A7AC04}.Release|Any CPU.ActiveCfg = Release|Any CPU
		{431E25D2-1A9A-400E-8B22-25CA24A7AC04}.Release|Any CPU.Build.0 = Release|Any CPU
		{E3AA00BF-629E-4274-A7B5-002EC7348B98}.Debug|Any CPU.ActiveCfg = Debug|Any CPU
		{E3AA00BF-629E-4274-A7B5-002EC7348B98}.Debug|Any CPU.Build.0 = Debug|Any CPU
		{E3AA00BF-629E-4274-A7B5-002EC7348B98}.Release|Any CPU.ActiveCfg = Release|Any CPU
		{E3AA00BF-629E-4274-A7B5-002EC7348B98}.Release|Any CPU.Build.0 = Release|Any CPU
		{89A56980-AA48-4C06-A188-7425488B0A3F}.Debug|Any CPU.ActiveCfg = Debug|Any CPU
		{89A56980-AA48-4C06-A188-7425488B0A3F}.Debug|Any CPU.Build.0 = Debug|Any CPU
		{89A56980-AA48-4C06-A188-7425488B0A3F}.Release|Any CPU.ActiveCfg = Release|Any CPU
		{89A56980-AA48-4C06-A188-7425488B0A3F}.Release|Any CPU.Build.0 = Release|Any CPU
		{9E8B4E3F-F8DC-458F-9642-C03B18996DE1}.Debug|Any CPU.ActiveCfg = Debug|Any CPU
		{9E8B4E3F-F8DC-458F-9642-C03B18996DE1}.Debug|Any CPU.Build.0 = Debug|Any CPU
		{9E8B4E3F-F8DC-458F-9642-C03B18996DE1}.Release|Any CPU.ActiveCfg = Release|Any CPU
		{9E8B4E3F-F8DC-458F-9642-C03B18996DE1}.Release|Any CPU.Build.0 = Release|Any CPU
		{B9C584BE-C91E-4FF9-A76E-0E1606A30562}.Debug|Any CPU.ActiveCfg = Debug|Any CPU
		{B9C584BE-C91E-4FF9-A76E-0E1606A30562}.Debug|Any CPU.Build.0 = Debug|Any CPU
		{B9C584BE-C91E-4FF9-A76E-0E1606A30562}.Release|Any CPU.ActiveCfg = Release|Any CPU
		{B9C584BE-C91E-4FF9-A76E-0E1606A30562}.Release|Any CPU.Build.0 = Release|Any CPU
		{DD365A88-9CFB-4574-8306-D5C2945C0800}.Debug|Any CPU.ActiveCfg = Debug|Any CPU
		{DD365A88-9CFB-4574-8306-D5C2945C0800}.Debug|Any CPU.Build.0 = Debug|Any CPU
		{DD365A88-9CFB-4574-8306-D5C2945C0800}.Release|Any CPU.ActiveCfg = Release|Any CPU
		{DD365A88-9CFB-4574-8306-D5C2945C0800}.Release|Any CPU.Build.0 = Release|Any CPU
	EndGlobalSection
	GlobalSection(SolutionProperties) = preSolution
		HideSolutionNode = FALSE
	EndGlobalSection
	GlobalSection(ExtensibilityGlobals) = postSolution
		SolutionGuid = {573DBCE7-BD84-4470-9AA2-8C705DF5579D}
	EndGlobalSection
EndGlobal
